
Microsoft Visual Studio Solution File, Format Version 12.00
# Visual Studio Version 17
VisualStudioVersion = 17.14.36221.1
MinimumVisualStudioVersion = 10.0.40219.1
Project("{FAE04EC0-301F-11D3-BF4B-00C04F79EFBC}") = "LibDotNet", "LibDotNet\LibDotNet.csproj", "{0BFB7C12-C3C1-409A-AEB3-D4BFBC8D69A4}"
EndProject
Project("{FAE04EC0-301F-11D3-BF4B-00C04F79EFBC}") = "Test", "Test\Test.csproj", "{18C529FC-E487-4760-9A16-06E11D7C70DA}"
EndProject
Global
	GlobalSection(SolutionConfigurationPlatforms) = preSolution
		Debug|Any CPU = Debug|Any CPU
		Release|Any CPU = Release|Any CPU
	EndGlobalSection
	GlobalSection(ProjectConfigurationPlatforms) = postSolution
		{0BFB7C12-C3C1-409A-AEB3-D4BFBC8D69A4}.Debug|Any CPU.ActiveCfg = Debug|Any CPU
		{0BFB7C12-C3C1-409A-AEB3-D4BFBC8D69A4}.Debug|Any CPU.Build.0 = Debug|Any CPU
		{0BFB7C12-C3C1-409A-AEB3-D4BFBC8D69A4}.Release|Any CPU.ActiveCfg = Release|Any CPU
		{0BFB7C12-C3C1-409A-AEB3-D4BFBC8D69A4}.Release|Any CPU.Build.0 = Release|Any CPU
		{18C529FC-E487-4760-9A16-06E11D7C70DA}.Debug|Any CPU.ActiveCfg = Debug|Any CPU
		{18C529FC-E487-4760-9A16-06E11D7C70DA}.Debug|Any CPU.Build.0 = Debug|Any CPU
		{18C529FC-E487-4760-9A16-06E11D7C70DA}.Release|Any CPU.ActiveCfg = Release|Any CPU
		{18C529FC-E487-4760-9A16-06E11D7C70DA}.Release|Any CPU.Build.0 = Release|Any CPU
	EndGlobalSection
	GlobalSection(SolutionProperties) = preSolution
		HideSolutionNode = FALSE
	EndGlobalSection
	GlobalSection(ExtensibilityGlobals) = postSolution
		SolutionGuid = {AAF2AFFB-9321-411E-9670-25B8DFF20ED6}
	EndGlobalSection
EndGlobal
